
Microsoft Visual Studio Solution File, Format Version 12.00
# Visual Studio Version 17
VisualStudioVersion = 17.0.32014.148
MinimumVisualStudioVersion = 10.0.40219.1
Project("{FAE04EC0-301F-11D3-BF4B-00C04F79EFBC}") = "1604", "1604.csproj", "{B84BEDE6-5E7C-411F-B976-BD4F430FF0D5}"
EndProject
Global
	GlobalSection(SolutionConfigurationPlatforms) = preSolution
		Debug|Any CPU = Debug|Any CPU
		Release|Any CPU = Release|Any CPU
	EndGlobalSection
	GlobalSection(ProjectConfigurationPlatforms) = postSolution
		{B84BEDE6-5E7C-411F-B976-BD4F430FF0D5}.Debug|Any CPU.ActiveCfg = Debug|Any CPU
		{B84BEDE6-5E7C-411F-B976-BD4F430FF0D5}.Debug|Any CPU.Build.0 = Debug|Any CPU
		{B84BEDE6-5E7C-411F-B976-BD4F430FF0D5}.Release|Any CPU.ActiveCfg = Release|Any CPU
		{B84BEDE6-5E7C-411F-B976-BD4F430FF0D5}.Release|Any CPU.Build.0 = Release|Any CPU
	EndGlobalSection
	GlobalSection(SolutionProperties) = preSolution
		HideSolutionNode = FALSE
	EndGlobalSection
	GlobalSection(ExtensibilityGlobals) = postSolution
		SolutionGuid = {11ADAC6D-EFF0-465A-A4BA-648B79E1A4AD}
	EndGlobalSection
EndGlobal
